github.com/HugoBlox/hugo-blox-builder/modules/blox-plugin-decap-cms v0.1.1 h1:S1XFRPGzdlmrmqRcE9t0cj9auYFz7+TNCvsuxtD3wQQ=
github.com/HugoBlox/hugo-blox-builder/modules/blox-plugin-decap-cms v0.1.1/go.mod h1:Njlsj3S1Z833TdX1nacJZzsiwGGhOq4Nilzo2BH/wQ8=
github.com/HugoBlox/hugo-blox-builder/modules/blox-plugin-netlify v1.1.2-0.20240505214416-dcdb3d350629 h1:YYu786q+a7BPWO+ogJh4E+ZiEywNEHfb6z3sMWjJcwY=
github.com/HugoBlox/hugo-blox-builder/modules/blox-plugin-netlify v1.1.2-0.20240505214416-dcdb3d350629/go.mod h1:C7jfxMLv1bEUqbM9XDSmEpfOpS8w06OgqNDEcbuRgL4=
github.com/HugoBlox/hugo-blox-builder/modules/blox-tailwind v0.2.1-0.20240505214416-dcdb3d350629 h1:M5OEvmWBBbN0qqueVt0UwrSOXTo/7IyVG1F/a/5zQ+Q=
github.com/HugoBlox/hugo-blox-builder/modules/blox-tailwind v0.2.1-0.20240505214416-dcdb3d350629/go.mod h1:+qBbqXbKT7M2nOeHQa5OrRXwQKpEx1RXpMGirHbT7HU=
