github.com/HugoBlox/all-access v0.0.0-20240519164730-c04da0219148 h1:EyDtPeUYZCfxDZE1YLds2yZilwUS/Sq3Am5WWp3cEkg=
github.com/HugoBlox/all-access v0.0.0-20240519164730-c04da0219148/go.mod h1:J+uANL41R6r0tDLIMH0olEdkod4lsK/+Kn/TA0dImIU=
github.com/HugoBlox/all-access/blox-all-access v0.0.0-20240519164730-c04da0219148 h1:x06AJqpWX/WBtwoY8RNVT1zbfGGU/cNks17NfFPRlJE=
github.com/HugoBlox/all-access/blox-all-access v0.0.0-20240519164730-c04da0219148/go.mod h1:AifD8GneU4Gu9fWU2WONrTOdu+MpTqJw0TPVVWKb50s=
github.com/HugoBlox/hugo-blox-builder/modules/blox-plugin-decap-cms v0.1.1 h1:S1XFRPGzdlmrmqRcE9t0cj9auYFz7+TNCvsuxtD3wQQ=
github.com/HugoBlox/hugo-blox-builder/modules/blox-plugin-decap-cms v0.1.1/go.mod h1:Njlsj3S1Z833TdX1nacJZzsiwGGhOq4Nilzo2BH/wQ8=
github.com/HugoBlox/hugo-blox-builder/modules/blox-plugin-decap-cms v0.2.0 h1:CC5DY5yWvAyBjg7R0PCrLsKDSzdTVFZ8YHs7hR3OKSY=
github.com/HugoBlox/hugo-blox-builder/modules/blox-plugin-decap-cms v0.2.0/go.mod h1:Njlsj3S1Z833TdX1nacJZzsiwGGhOq4Nilzo2BH/wQ8=
github.com/HugoBlox/hugo-blox-builder/modules/blox-plugin-netlify v1.1.2-0.20240505214416-dcdb3d350629 h1:YYu786q+a7BPWO+ogJh4E+ZiEywNEHfb6z3sMWjJcwY=
github.com/HugoBlox/hugo-blox-builder/modules/blox-plugin-netlify v1.1.2-0.20240505214416-dcdb3d350629/go.mod h1:C7jfxMLv1bEUqbM9XDSmEpfOpS8w06OgqNDEcbuRgL4=
github.com/HugoBlox/hugo-blox-builder/modules/blox-plugin-netlify v1.1.2-0.20241016214324-2eaf5f6849fc h1:bv7NVkDrQlNQcYQ6LirA7r0IMIUGfh8z/Ltydnd60GY=
github.com/HugoBlox/hugo-blox-builder/modules/blox-plugin-netlify v1.1.2-0.20241016214324-2eaf5f6849fc/go.mod h1:C7jfxMLv1bEUqbM9XDSmEpfOpS8w06OgqNDEcbuRgL4=
github.com/HugoBlox/hugo-blox-builder/modules/blox-tailwind v0.2.1-0.20240505214416-dcdb3d350629 h1:M5OEvmWBBbN0qqueVt0UwrSOXTo/7IyVG1F/a/5zQ+Q=
github.com/HugoBlox/hugo-blox-builder/modules/blox-tailwind v0.2.1-0.20240505214416-dcdb3d350629/go.mod h1:+qBbqXbKT7M2nOeHQa5OrRXwQKpEx1RXpMGirHbT7HU=
github.com/HugoBlox/hugo-blox-builder/modules/blox-tailwind v0.2.1-0.20241016214324-2eaf5f6849fc h1:91DZggVZiL/QIvfdWS8u91Iqi7g+cpqY3hXNM/UON0I=
github.com/HugoBlox/hugo-blox-builder/modules/blox-tailwind v0.2.1-0.20241016214324-2eaf5f6849fc/go.mod h1:bUQKSt1XQhk60nSpI6D+MibQi6v8s7HghF5qoAtlhws=
